// !$*UTF8*$!
{
	archiveVersion = 1;
	classes = {
	};
	objectVersion = 46;
	objects = {

/* Begin PBXBuildFile section */
		30F6F2EF49CFB9F92927D207 /* libPods.a in Frameworks */ = {isa = PBXBuildFile; fileRef = DBF57D5014CCFA6DC1BACF40 /* libPods.a */; };
		3E0A5CF21B322C2300E2B261 /* PhotoCell.m in Sources */ = {isa = PBXBuildFile; fileRef = 3E0A5CF11B322C2300E2B261 /* PhotoCell.m */; };
		3E0A5CF51B3278F400E2B261 /* ProfileHeaderController.m in Sources */ = {isa = PBXBuildFile; fileRef = 3E0A5CF41B3278F400E2B261 /* ProfileHeaderController.m */; };
		3E9A4A721B2F46930097ABED /* InstagramService.m in Sources */ = {isa = PBXBuildFile; fileRef = 3E9A4A711B2F46930097ABED /* InstagramService.m */; };
		3E9A4A751B2F51270097ABED /* Feed.m in Sources */ = {isa = PBXBuildFile; fileRef = 3E9A4A741B2F51270097ABED /* Feed.m */; };
		3EBB20041B2A58C000318683 /* main.m in Sources */ = {isa = PBXBuildFile; fileRef = 3EBB20031B2A58C000318683 /* main.m */; };
		3EBB20071B2A58C000318683 /* AppDelegate.m in Sources */ = {isa = PBXBuildFile; fileRef = 3EBB20061B2A58C000318683 /* AppDelegate.m */; };
		3EBB200A1B2A58C000318683 /* CatsFeedViewController.m in Sources */ = {isa = PBXBuildFile; fileRef = 3EBB20091B2A58C000318683 /* CatsFeedViewController.m */; };
		3EBB200D1B2A58C000318683 /* ProfileViewController.m in Sources */ = {isa = PBXBuildFile; fileRef = 3EBB200C1B2A58C000318683 /* ProfileViewController.m */; };
		3EBB20101B2A58C000318683 /* Main.storyboard in Resources */ = {isa = PBXBuildFile; fileRef = 3EBB200E1B2A58C000318683 /* Main.storyboard */; };
		3EBB20121B2A58C000318683 /* Images.xcassets in Resources */ = {isa = PBXBuildFile; fileRef = 3EBB20111B2A58C000318683 /* Images.xcassets */; };
		3EBB20151B2A58C000318683 /* LaunchScreen.xib in Resources */ = {isa = PBXBuildFile; fileRef = 3EBB20131B2A58C000318683 /* LaunchScreen.xib */; };
		3EBB20211B2A58C100318683 /* FeedyTests.m in Sources */ = {isa = PBXBuildFile; fileRef = 3EBB20201B2A58C100318683 /* FeedyTests.m */; };
		3EBB20311B2B530C00318683 /* FeedCell.m in Sources */ = {isa = PBXBuildFile; fileRef = 3EBB20301B2B530C00318683 /* FeedCell.m */; };
		3EBB20371B2BAAF100318683 /* Profile.m in Sources */ = {isa = PBXBuildFile; fileRef = 3EBB20361B2BAAF100318683 /* Profile.m */; };
		3EBB203A1B2BAB0500318683 /* Post.m in Sources */ = {isa = PBXBuildFile; fileRef = 3EBB20391B2BAB0500318683 /* Post.m */; };
		3EBB203D1B2BACB800318683 /* Photo.m in Sources */ = {isa = PBXBuildFile; fileRef = 3EBB203C1B2BACB800318683 /* Photo.m */; };
/* End PBXBuildFile section */

/* Begin PBXContainerItemProxy section */
		3EBB201B1B2A58C100318683 /* PBXContainerItemProxy */ = {
			isa = PBXContainerItemProxy;
			containerPortal = 3EBB1FF61B2A58BF00318683 /* Project object */;
			proxyType = 1;
			remoteGlobalIDString = 3EBB1FFD1B2A58BF00318683;
			remoteInfo = Feedy;
		};
/* End PBXContainerItemProxy section */

/* Begin PBXFileReference section */
		1B76325911122DED292B753D /* Pods.debug.xcconfig */ = {isa = PBXFileReference; includeInIndex = 1; lastKnownFileType = text.xcconfig; name = Pods.debug.xcconfig; path = "Pods/Target Support Files/Pods/Pods.debug.xcconfig"; sourceTree = "<group>"; };
		3E0A5CF01B322C2300E2B261 /* PhotoCell.h */ = {isa = PBXFileReference; fileEncoding = 4; lastKnownFileType = sourcecode.c.h; path = PhotoCell.h; sourceTree = "<group>"; };
		3E0A5CF11B322C2300E2B261 /* PhotoCell.m */ = {isa = PBXFileReference; fileEncoding = 4; lastKnownFileType = sourcecode.c.objc; path = PhotoCell.m; sourceTree = "<group>"; };
		3E0A5CF31B3278F400E2B261 /* ProfileHeaderController.h */ = {isa = PBXFileReference; fileEncoding = 4; lastKnownFileType = sourcecode.c.h; path = ProfileHeaderController.h; sourceTree = "<group>"; };
		3E0A5CF41B3278F400E2B261 /* ProfileHeaderController.m */ = {isa = PBXFileReference; fileEncoding = 4; lastKnownFileType = sourcecode.c.objc; path = ProfileHeaderController.m; sourceTree = "<group>"; };
		3E9A4A701B2F46930097ABED /* InstagramService.h */ = {isa = PBXFileReference; fileEncoding = 4; lastKnownFileType = sourcecode.c.h; path = InstagramService.h; sourceTree = "<group>"; };
		3E9A4A711B2F46930097ABED /* InstagramService.m */ = {isa = PBXFileReference; fileEncoding = 4; lastKnownFileType = sourcecode.c.objc; path = InstagramService.m; sourceTree = "<group>"; };
		3E9A4A731B2F51270097ABED /* Feed.h */ = {isa = PBXFileReference; fileEncoding = 4; lastKnownFileType = sourcecode.c.h; path = Feed.h; sourceTree = "<group>"; };
		3E9A4A741B2F51270097ABED /* Feed.m */ = {isa = PBXFileReference; fileEncoding = 4; lastKnownFileType = sourcecode.c.objc; path = Feed.m; sourceTree = "<group>"; };
		3EBB1FFE1B2A58BF00318683 /* Feedy.app */ = {isa = PBXFileReference; explicitFileType = wrapper.application; includeInIndex = 0; path = Feedy.app; sourceTree = BUILT_PRODUCTS_DIR; };
		3EBB20021B2A58C000318683 /* Info.plist */ = {isa = PBXFileReference; lastKnownFileType = text.plist.xml; path = Info.plist; sourceTree = "<group>"; };
		3EBB20031B2A58C000318683 /* main.m */ = {isa = PBXFileReference; lastKnownFileType = sourcecode.c.objc; path = main.m; sourceTree = "<group>"; };
		3EBB20051B2A58C000318683 /* AppDelegate.h */ = {isa = PBXFileReference; lastKnownFileType = sourcecode.c.h; path = AppDelegate.h; sourceTree = "<group>"; };
		3EBB20061B2A58C000318683 /* AppDelegate.m */ = {isa = PBXFileReference; lastKnownFileType = sourcecode.c.objc; path = AppDelegate.m; sourceTree = "<group>"; };
		3EBB20081B2A58C000318683 /* CatsFeedViewController.h */ = {isa = PBXFileReference; lastKnownFileType = sourcecode.c.h; path = CatsFeedViewController.h; sourceTree = "<group>"; };
		3EBB20091B2A58C000318683 /* CatsFeedViewController.m */ = {isa = PBXFileReference; lastKnownFileType = sourcecode.c.objc; path = CatsFeedViewController.m; sourceTree = "<group>"; };
		3EBB200B1B2A58C000318683 /* ProfileViewController.h */ = {isa = PBXFileReference; lastKnownFileType = sourcecode.c.h; path = ProfileViewController.h; sourceTree = "<group>"; };
		3EBB200C1B2A58C000318683 /* ProfileViewController.m */ = {isa = PBXFileReference; lastKnownFileType = sourcecode.c.objc; path = ProfileViewController.m; sourceTree = "<group>"; };
		3EBB200F1B2A58C000318683 /* Base */ = {isa = PBXFileReference; lastKnownFileType = file.storyboard; name = Base; path = Base.lproj/Main.storyboard; sourceTree = "<group>"; };
		3EBB20111B2A58C000318683 /* Images.xcassets */ = {isa = PBXFileReference; lastKnownFileType = folder.assetcatalog; path = Images.xcassets; sourceTree = "<group>"; };
		3EBB20141B2A58C000318683 /* Base */ = {isa = PBXFileReference; lastKnownFileType = file.xib; name = Base; path = Base.lproj/LaunchScreen.xib; sourceTree = "<group>"; };
		3EBB201A1B2A58C100318683 /* FeedyTests.xctest */ = {isa = PBXFileReference; explicitFileType = wrapper.cfbundle; includeInIndex = 0; path = FeedyTests.xctest; sourceTree = BUILT_PRODUCTS_DIR; };
		3EBB201F1B2A58C100318683 /* Info.plist */ = {isa = PBXFileReference; lastKnownFileType = text.plist.xml; path = Info.plist; sourceTree = "<group>"; };
		3EBB20201B2A58C100318683 /* FeedyTests.m */ = {isa = PBXFileReference; lastKnownFileType = sourcecode.c.objc; path = FeedyTests.m; sourceTree = "<group>"; };
		3EBB202F1B2B530C00318683 /* FeedCell.h */ = {isa = PBXFileReference; fileEncoding = 4; lastKnownFileType = sourcecode.c.h; path = FeedCell.h; sourceTree = "<group>"; };
		3EBB20301B2B530C00318683 /* FeedCell.m */ = {isa = PBXFileReference; fileEncoding = 4; lastKnownFileType = sourcecode.c.objc; path = FeedCell.m; sourceTree = "<group>"; };
		3EBB20351B2BAAF100318683 /* Profile.h */ = {isa = PBXFileReference; fileEncoding = 4; lastKnownFileType = sourcecode.c.h; path = Profile.h; sourceTree = "<group>"; };
		3EBB20361B2BAAF100318683 /* Profile.m */ = {isa = PBXFileReference; fileEncoding = 4; lastKnownFileType = sourcecode.c.objc; path = Profile.m; sourceTree = "<group>"; };
		3EBB20381B2BAB0500318683 /* Post.h */ = {isa = PBXFileReference; fileEncoding = 4; lastKnownFileType = sourcecode.c.h; path = Post.h; sourceTree = "<group>"; };
		3EBB20391B2BAB0500318683 /* Post.m */ = {isa = PBXFileReference; fileEncoding = 4; lastKnownFileType = sourcecode.c.objc; path = Post.m; sourceTree = "<group>"; };
		3EBB203B1B2BACB800318683 /* Photo.h */ = {isa = PBXFileReference; fileEncoding = 4; lastKnownFileType = sourcecode.c.h; path = Photo.h; sourceTree = "<group>"; };
		3EBB203C1B2BACB800318683 /* Photo.m */ = {isa = PBXFileReference; fileEncoding = 4; lastKnownFileType = sourcecode.c.objc; path = Photo.m; sourceTree = "<group>"; };
		A8B427F06F8189FE82BABDD1 /* Pods.release.xcconfig */ = {isa = PBXFileReference; includeInIndex = 1; lastKnownFileType = text.xcconfig; name = Pods.release.xcconfig; path = "Pods/Target Support Files/Pods/Pods.release.xcconfig"; sourceTree = "<group>"; };
		DBF57D5014CCFA6DC1BACF40 /* libPods.a */ = {isa = PBXFileReference; explicitFileType = archive.ar; includeInIndex = 0; path = libPods.a; sourceTree = BUILT_PRODUCTS_DIR; };
/* End PBXFileReference section */

/* Begin PBXFrameworksBuildPhase section */
		3EBB1FFB1B2A58BF00318683 /* Frameworks */ = {
			isa = PBXFrameworksBuildPhase;
			buildActionMask = 2147483647;
			files = (
				30F6F2EF49CFB9F92927D207 /* libPods.a in Frameworks */,
			);
			runOnlyForDeploymentPostprocessing = 0;
		};
		3EBB20171B2A58C100318683 /* Frameworks */ = {
			isa = PBXFrameworksBuildPhase;
			buildActionMask = 2147483647;
			files = (
			);
			runOnlyForDeploymentPostprocessing = 0;
		};
/* End PBXFrameworksBuildPhase section */

/* Begin PBXGroup section */
		248564065CE4332BE3877E68 /* Pods */ = {
			isa = PBXGroup;
			children = (
				1B76325911122DED292B753D /* Pods.debug.xcconfig */,
				A8B427F06F8189FE82BABDD1 /* Pods.release.xcconfig */,
			);
			name = Pods;
			sourceTree = "<group>";
		};
		3EBB1FF51B2A58BF00318683 = {
			isa = PBXGroup;
			children = (
				3EBB20001B2A58C000318683 /* Feedy */,
				3EBB201D1B2A58C100318683 /* FeedyTests */,
				3EBB1FFF1B2A58BF00318683 /* Products */,
				248564065CE4332BE3877E68 /* Pods */,
				88843C7D15BA423A310B6E45 /* Frameworks */,
			);
			sourceTree = "<group>";
		};
		3EBB1FFF1B2A58BF00318683 /* Products */ = {
			isa = PBXGroup;
			children = (
				3EBB1FFE1B2A58BF00318683 /* Feedy.app */,
				3EBB201A1B2A58C100318683 /* FeedyTests.xctest */,
			);
			name = Products;
			sourceTree = "<group>";
		};
		3EBB20001B2A58C000318683 /* Feedy */ = {
			isa = PBXGroup;
			children = (
				3EBB20051B2A58C000318683 /* AppDelegate.h */,
				3EBB20061B2A58C000318683 /* AppDelegate.m */,
				3E9A4A701B2F46930097ABED /* InstagramService.h */,
				3E9A4A711B2F46930097ABED /* InstagramService.m */,
				3EBB202B1B2A5E3900318683 /* GUI */,
				3EBB202A1B2A5DBD00318683 /* Models */,
				3EBB200E1B2A58C000318683 /* Main.storyboard */,
				3EBB20111B2A58C000318683 /* Images.xcassets */,
				3EBB20131B2A58C000318683 /* LaunchScreen.xib */,
				3EBB20011B2A58C000318683 /* Supporting Files */,
			);
			path = Feedy;
			sourceTree = "<group>";
		};
		3EBB20011B2A58C000318683 /* Supporting Files */ = {
			isa = PBXGroup;
			children = (
				3EBB20021B2A58C000318683 /* Info.plist */,
				3EBB20031B2A58C000318683 /* main.m */,
			);
			name = "Supporting Files";
			sourceTree = "<group>";
		};
		3EBB201D1B2A58C100318683 /* FeedyTests */ = {
			isa = PBXGroup;
			children = (
				3EBB20201B2A58C100318683 /* FeedyTests.m */,
				3EBB201E1B2A58C100318683 /* Supporting Files */,
			);
			path = FeedyTests;
			sourceTree = "<group>";
		};
		3EBB201E1B2A58C100318683 /* Supporting Files */ = {
			isa = PBXGroup;
			children = (
				3EBB201F1B2A58C100318683 /* Info.plist */,
			);
			name = "Supporting Files";
			sourceTree = "<group>";
		};
		3EBB202A1B2A5DBD00318683 /* Models */ = {
			isa = PBXGroup;
			children = (
				3EBB20351B2BAAF100318683 /* Profile.h */,
				3EBB20361B2BAAF100318683 /* Profile.m */,
				3EBB20381B2BAB0500318683 /* Post.h */,
				3EBB20391B2BAB0500318683 /* Post.m */,
				3EBB203B1B2BACB800318683 /* Photo.h */,
				3EBB203C1B2BACB800318683 /* Photo.m */,
				3E9A4A731B2F51270097ABED /* Feed.h */,
				3E9A4A741B2F51270097ABED /* Feed.m */,
			);
			name = Models;
			sourceTree = "<group>";
		};
		3EBB202B1B2A5E3900318683 /* GUI */ = {
			isa = PBXGroup;
			children = (
				3EBB20081B2A58C000318683 /* CatsFeedViewController.h */,
				3EBB20091B2A58C000318683 /* CatsFeedViewController.m */,
				3EBB200B1B2A58C000318683 /* ProfileViewController.h */,
				3EBB200C1B2A58C000318683 /* ProfileViewController.m */,
				3EBB202F1B2B530C00318683 /* FeedCell.h */,
				3EBB20301B2B530C00318683 /* FeedCell.m */,
				3E0A5CF01B322C2300E2B261 /* PhotoCell.h */,
				3E0A5CF11B322C2300E2B261 /* PhotoCell.m */,
				3E0A5CF31B3278F400E2B261 /* ProfileHeaderController.h */,
				3E0A5CF41B3278F400E2B261 /* ProfileHeaderController.m */,
			);
			name = GUI;
			sourceTree = "<group>";
		};
		88843C7D15BA423A310B6E45 /* Frameworks */ = {
			isa = PBXGroup;
			children = (
				DBF57D5014CCFA6DC1BACF40 /* libPods.a */,
			);
			name = Frameworks;
			sourceTree = "<group>";
		};
/* End PBXGroup section */

/* Begin PBXNativeTarget section */
		3EBB1FFD1B2A58BF00318683 /* Feedy */ = {
			isa = PBXNativeTarget;
			buildConfigurationList = 3EBB20241B2A58C100318683 /* Build configuration list for PBXNativeTarget "Feedy" */;
			buildPhases = (
				90BACF39AE6B7D423FB83735 /* Check Pods Manifest.lock */,
				3EBB1FFA1B2A58BF00318683 /* Sources */,
				3EBB1FFB1B2A58BF00318683 /* Frameworks */,
				3EBB1FFC1B2A58BF00318683 /* Resources */,
				9019494584C089FC8C8FD9C8 /* Copy Pods Resources */,
			);
			buildRules = (
			);
			dependencies = (
			);
			name = Feedy;
			productName = Feedy;
			productReference = 3EBB1FFE1B2A58BF00318683 /* Feedy.app */;
			productType = "com.apple.product-type.application";
		};
		3EBB20191B2A58C100318683 /* FeedyTests */ = {
			isa = PBXNativeTarget;
			buildConfigurationList = 3EBB20271B2A58C100318683 /* Build configuration list for PBXNativeTarget "FeedyTests" */;
			buildPhases = (
				3EBB20161B2A58C100318683 /* Sources */,
				3EBB20171B2A58C100318683 /* Frameworks */,
				3EBB20181B2A58C100318683 /* Resources */,
			);
			buildRules = (
			);
			dependencies = (
				3EBB201C1B2A58C100318683 /* PBXTargetDependency */,
			);
			name = FeedyTests;
			productName = FeedyTests;
			productReference = 3EBB201A1B2A58C100318683 /* FeedyTests.xctest */;
			productType = "com.apple.product-type.bundle.unit-test";
		};
/* End PBXNativeTarget section */

/* Begin PBXProject section */
		3EBB1FF61B2A58BF00318683 /* Project object */ = {
			isa = PBXProject;
			attributes = {
				LastUpgradeCheck = 0630;
				ORGANIZATIONNAME = "Javier Rosas";
				TargetAttributes = {
					3EBB1FFD1B2A58BF00318683 = {
						CreatedOnToolsVersion = 6.3.2;
					};
					3EBB20191B2A58C100318683 = {
						CreatedOnToolsVersion = 6.3.2;
						TestTargetID = 3EBB1FFD1B2A58BF00318683;
					};
				};
			};
			buildConfigurationList = 3EBB1FF91B2A58BF00318683 /* Build configuration list for PBXProject "Feedy" */;
			compatibilityVersion = "Xcode 3.2";
			developmentRegion = English;
			hasScannedForEncodings = 0;
			knownRegions = (
				en,
				Base,
			);
			mainGroup = 3EBB1FF51B2A58BF00318683;
			productRefGroup = 3EBB1FFF1B2A58BF00318683 /* Products */;
			projectDirPath = "";
			projectRoot = "";
			targets = (
				3EBB1FFD1B2A58BF00318683 /* Feedy */,
				3EBB20191B2A58C100318683 /* FeedyTests */,
			);
		};
/* End PBXProject section */

/* Begin PBXResourcesBuildPhase section */
		3EBB1FFC1B2A58BF00318683 /* Resources */ = {
			isa = PBXResourcesBuildPhase;
			buildActionMask = 2147483647;
			files = (
				3EBB20101B2A58C000318683 /* Main.storyboard in Resources */,
				3EBB20151B2A58C000318683 /* LaunchScreen.xib in Resources */,
				3EBB20121B2A58C000318683 /* Images.xcassets in Resources */,
			);
			runOnlyForDeploymentPostprocessing = 0;
		};
		3EBB20181B2A58C100318683 /* Resources */ = {
			isa = PBXResourcesBuildPhase;
			buildActionMask = 2147483647;
			files = (
			);
			runOnlyForDeploymentPostprocessing = 0;
		};
/* End PBXResourcesBuildPhase section */

/* Begin PBXShellScriptBuildPhase section */
		9019494584C089FC8C8FD9C8 /* Copy Pods Resources */ = {
			isa = PBXShellScriptBuildPhase;
			buildActionMask = 2147483647;
			files = (
			);
			inputPaths = (
			);
			name = "Copy Pods Resources";
			outputPaths = (
			);
			runOnlyForDeploymentPostprocessing = 0;
			shellPath = /bin/sh;
			shellScript = "\"${SRCROOT}/Pods/Target Support Files/Pods/Pods-resources.sh\"\n";
			showEnvVarsInLog = 0;
		};
		90BACF39AE6B7D423FB83735 /* Check Pods Manifest.lock */ = {
			isa = PBXShellScriptBuildPhase;
			buildActionMask = 2147483647;
			files = (
			);
			inputPaths = (
			);
			name = "Check Pods Manifest.lock";
			outputPaths = (
			);
			runOnlyForDeploymentPostprocessing = 0;
			shellPath = /bin/sh;
			shellScript = "diff \"${PODS_ROOT}/../Podfile.lock\" \"${PODS_ROOT}/Manifest.lock\" > /dev/null\nif [[ $? != 0 ]] ; then\n    cat << EOM\nerror: The sandbox is not in sync with the Podfile.lock. Run 'pod install' or update your CocoaPods installation.\nEOM\n    exit 1\nfi\n";
			showEnvVarsInLog = 0;
		};
/* End PBXShellScriptBuildPhase section */

/* Begin PBXSourcesBuildPhase section */
		3EBB1FFA1B2A58BF00318683 /* Sources */ = {
			isa = PBXSourcesBuildPhase;
			buildActionMask = 2147483647;
			files = (
				3E0A5CF21B322C2300E2B261 /* PhotoCell.m in Sources */,
				3EBB200D1B2A58C000318683 /* ProfileViewController.m in Sources */,
				3E9A4A721B2F46930097ABED /* InstagramService.m in Sources */,
				3EBB20071B2A58C000318683 /* AppDelegate.m in Sources */,
				3EBB20311B2B530C00318683 /* FeedCell.m in Sources */,
				3EBB200A1B2A58C000318683 /* CatsFeedViewController.m in Sources */,
				3E0A5CF51B3278F400E2B261 /* ProfileHeaderController.m in Sources */,
				3E9A4A751B2F51270097ABED /* Feed.m in Sources */,
				3EBB203D1B2BACB800318683 /* Photo.m in Sources */,
				3EBB20371B2BAAF100318683 /* Profile.m in Sources */,
				3EBB20041B2A58C000318683 /* main.m in Sources */,
				3EBB203A1B2BAB0500318683 /* Post.m in Sources */,
			);
			runOnlyForDeploymentPostprocessing = 0;
		};
		3EBB20161B2A58C100318683 /* Sources */ = {
			isa = PBXSourcesBuildPhase;
			buildActionMask = 2147483647;
			files = (
				3EBB20211B2A58C100318683 /* FeedyTests.m in Sources */,
			);
			runOnlyForDeploymentPostprocessing = 0;
		};
/* End PBXSourcesBuildPhase section */

/* Begin PBXTargetDependency section */
		3EBB201C1B2A58C100318683 /* PBXTargetDependency */ = {
			isa = PBXTargetDependency;
			target = 3EBB1FFD1B2A58BF00318683 /* Feedy */;
			targetProxy = 3EBB201B1B2A58C100318683 /* PBXContainerItemProxy */;
		};
/* End PBXTargetDependency section */

/* Begin PBXVariantGroup section */
		3EBB200E1B2A58C000318683 /* Main.storyboard */ = {
			isa = PBXVariantGroup;
			children = (
				3EBB200F1B2A58C000318683 /* Base */,
			);
			name = Main.storyboard;
			sourceTree = "<group>";
		};
		3EBB20131B2A58C000318683 /* LaunchScreen.xib */ = {
			isa = PBXVariantGroup;
			children = (
				3EBB20141B2A58C000318683 /* Base */,
			);
			name = LaunchScreen.xib;
			sourceTree = "<group>";
		};
/* End PBXVariantGroup section */

/* Begin XCBuildConfiguration section */
		3EBB20221B2A58C100318683 /* Debug */ = {
			isa = XCBuildConfiguration;
			buildSettings = {
				ALWAYS_SEARCH_USER_PATHS = NO;
				CLANG_CXX_LANGUAGE_STANDARD = "gnu++0x";
				CLANG_CXX_LIBRARY = "libc++";
				CLANG_ENABLE_MODULES = YES;
				CLANG_ENABLE_OBJC_ARC = YES;
				CLANG_WARN_BOOL_CONVERSION = YES;
				CLANG_WARN_CONSTANT_CONVERSION = YES;
				CLANG_WARN_DIRECT_OBJC_ISA_USAGE = YES_ERROR;
				CLANG_WARN_EMPTY_BODY = YES;
				CLANG_WARN_ENUM_CONVERSION = YES;
				CLANG_WARN_INT_CONVERSION = YES;
				CLANG_WARN_OBJC_ROOT_CLASS = YES_ERROR;
				CLANG_WARN_UNREACHABLE_CODE = YES;
				CLANG_WARN__DUPLICATE_METHOD_MATCH = YES;
				"CODE_SIGN_IDENTITY[sdk=iphoneos*]" = "iPhone Developer";
				COPY_PHASE_STRIP = NO;
				DEBUG_INFORMATION_FORMAT = "dwarf-with-dsym";
				ENABLE_STRICT_OBJC_MSGSEND = YES;
				GCC_C_LANGUAGE_STANDARD = gnu99;
				GCC_DYNAMIC_NO_PIC = NO;
				GCC_NO_COMMON_BLOCKS = YES;
				GCC_OPTIMIZATION_LEVEL = 0;
				GCC_PREPROCESSOR_DEFINITIONS = (
					"DEBUG=1",
					"$(inherited)",
				);
				GCC_SYMBOLS_PRIVATE_EXTERN = NO;
				GCC_WARN_64_TO_32_BIT_CONVERSION = YES;
				GCC_WARN_ABOUT_RETURN_TYPE = YES_ERROR;
				GCC_WARN_UNDECLARED_SELECTOR = YES;
				GCC_WARN_UNINITIALIZED_AUTOS = YES_AGGRESSIVE;
				GCC_WARN_UNUSED_FUNCTION = YES;
				GCC_WARN_UNUSED_VARIABLE = YES;
				IPHONEOS_DEPLOYMENT_TARGET = 8.3;
				MTL_ENABLE_DEBUG_INFO = YES;
				ONLY_ACTIVE_ARCH = YES;
				SDKROOT = iphoneos;
			};
			name = Debug;
		};
		3EBB20231B2A58C100318683 /* Release */ = {
			isa = XCBuildConfiguration;
			buildSettings = {
				ALWAYS_SEARCH_USER_PATHS = NO;
				CLANG_CXX_LANGUAGE_STANDARD = "gnu++0x";
				CLANG_CXX_LIBRARY = "libc++";
				CLANG_ENABLE_MODULES = YES;
				CLANG_ENABLE_OBJC_ARC = YES;
				CLANG_WARN_BOOL_CONVERSION = YES;
				CLANG_WARN_CONSTANT_CONVERSION = YES;
				CLANG_WARN_DIRECT_OBJC_ISA_USAGE = YES_ERROR;
				CLANG_WARN_EMPTY_BODY = YES;
				CLANG_WARN_ENUM_CONVERSION = YES;
				CLANG_WARN_INT_CONVERSION = YES;
				CLANG_WARN_OBJC_ROOT_CLASS = YES_ERROR;
				CLANG_WARN_UNREACHABLE_CODE = YES;
				CLANG_WARN__DUPLICATE_METHOD_MATCH = YES;
				"CODE_SIGN_IDENTITY[sdk=iphoneos*]" = "iPhone Developer";
				COPY_PHASE_STRIP = NO;
				DEBUG_INFORMATION_FORMAT = "dwarf-with-dsym";
				ENABLE_NS_ASSERTIONS = NO;
				ENABLE_STRICT_OBJC_MSGSEND = YES;
				GCC_C_LANGUAGE_STANDARD = gnu99;
				GCC_NO_COMMON_BLOCKS = YES;
				GCC_WARN_64_TO_32_BIT_CONVERSION = YES;
				GCC_WARN_ABOUT_RETURN_TYPE = YES_ERROR;
				GCC_WARN_UNDECLARED_SELECTOR = YES;
				GCC_WARN_UNINITIALIZED_AUTOS = YES_AGGRESSIVE;
				GCC_WARN_UNUSED_FUNCTION = YES;
				GCC_WARN_UNUSED_VARIABLE = YES;
				IPHONEOS_DEPLOYMENT_TARGET = 8.3;
				MTL_ENABLE_DEBUG_INFO = NO;
				SDKROOT = iphoneos;
				VALIDATE_PRODUCT = YES;
			};
			name = Release;
		};
		3EBB20251B2A58C100318683 /* Debug */ = {
			isa = XCBuildConfiguration;
			baseConfigurationReference = 1B76325911122DED292B753D /* Pods.debug.xcconfig */;
			buildSettings = {
				ASSETCATALOG_COMPILER_APPICON_NAME = AppIcon;
				INFOPLIST_FILE = Feedy/Info.plist;
				LD_RUNPATH_SEARCH_PATHS = "$(inherited) @executable_path/Frameworks";
				PRODUCT_NAME = "$(TARGET_NAME)";
			};
			name = Debug;
		};
		3EBB20261B2A58C100318683 /* Release */ = {
			isa = XCBuildConfiguration;
			baseConfigurationReference = A8B427F06F8189FE82BABDD1 /* Pods.release.xcconfig */;
			buildSettings = {
				ASSETCATALOG_COMPILER_APPICON_NAME = AppIcon;
				INFOPLIST_FILE = Feedy/Info.plist;
				LD_RUNPATH_SEARCH_PATHS = "$(inherited) @executable_path/Frameworks";
				PRODUCT_NAME = "$(TARGET_NAME)";
			};
			name = Release;
		};
		3EBB20281B2A58C100318683 /* Debug */ = {
			isa = XCBuildConfiguration;
			buildSettings = {
				BUNDLE_LOADER = "$(TEST_HOST)";
				FRAMEWORK_SEARCH_PATHS = (
					"$(SDKROOT)/Developer/Library/Frameworks",
					"$(inherited)",
				);
				GCC_PREPROCESSOR_DEFINITIONS = (
					"DEBUG=1",
					"$(inherited)",
				);
				INFOPLIST_FILE = FeedyTests/Info.plist;
				LD_RUNPATH_SEARCH_PATHS = "$(inherited) @executable_path/Frameworks @loader_path/Frameworks";
				PRODUCT_NAME = "$(TARGET_NAME)";
				TEST_HOST = "$(BUILT_PRODUCTS_DIR)/Feedy.app/Feedy";
			};
			name = Debug;
		};
		3EBB20291B2A58C100318683 /* Release */ = {
			isa = XCBuildConfiguration;
			buildSettings = {
				BUNDLE_LOADER = "$(TEST_HOST)";
				FRAMEWORK_SEARCH_PATHS = (
					"$(SDKROOT)/Developer/Library/Frameworks",
					"$(inherited)",
				);
				INFOPLIST_FILE = FeedyTests/Info.plist;
				LD_RUNPATH_SEARCH_PATHS = "$(inherited) @executable_path/Frameworks @loader_path/Frameworks";
				PRODUCT_NAME = "$(TARGET_NAME)";
				TEST_HOST = "$(BUILT_PRODUCTS_DIR)/Feedy.app/Feedy";
			};
			name = Release;
		};
/* End XCBuildConfiguration section */

/* Begin XCConfigurationList section */
		3EBB1FF91B2A58BF00318683 /* Build configuration list for PBXProject "Feedy" */ = {
			isa = XCConfigurationList;
			buildConfigurations = (
				3EBB20221B2A58C100318683 /* Debug */,
				3EBB20231B2A58C100318683 /* Release */,
			);
			defaultConfigurationIsVisible = 0;
			defaultConfigurationName = Release;
		};
		3EBB20241B2A58C100318683 /* Build configuration list for PBXNativeTarget "Feedy" */ = {
			isa = XCConfigurationList;
			buildConfigurations = (
				3EBB20251B2A58C100318683 /* Debug */,
				3EBB20261B2A58C100318683 /* Release */,
			);
			defaultConfigurationIsVisible = 0;
			defaultConfigurationName = Release;
		};
		3EBB20271B2A58C100318683 /* Build configuration list for PBXNativeTarget "FeedyTests" */ = {
			isa = XCConfigurationList;
			buildConfigurations = (
				3EBB20281B2A58C100318683 /* Debug */,
				3EBB20291B2A58C100318683 /* Release */,
			);
			defaultConfigurationIsVisible = 0;
			defaultConfigurationName = Release;
		};
/* End XCConfigurationList section */
	};
	rootObject = 3EBB1FF61B2A58BF00318683 /* Project object */;
}
